
Microsoft Visual Studio Solution File, Format Version 12.00
# Visual Studio 15
VisualStudioVersion = 15.0.28307.757
MinimumVisualStudioVersion = 10.0.40219.1
Project("{FAE04EC0-301F-11D3-BF4B-00C04F79EFBC}") = "CodeTest", "CodeTest\CodeTest.csproj", "{62B263C3-8792-4405-B393-A0D56CAA8BB7}"
EndProject
Project("{FAE04EC0-301F-11D3-BF4B-00C04F79EFBC}") = "Execute", "Execute\Execute.csproj", "{645FF8AE-7FBF-4B8D-A8C2-CEB4E8FE58F1}"
EndProject
Project("{FAE04EC0-301F-11D3-BF4B-00C04F79EFBC}") = "App.Entity", "App.Entity\App.Entity.csproj", "{BAEA985E-F207-44D2-BA46-A2DB9C25141E}"
EndProject
Global
	GlobalSection(SolutionConfigurationPlatforms) = preSolution
		Debug|Any CPU = Debug|Any CPU
		Release|Any CPU = Release|Any CPU
	EndGlobalSection
	GlobalSection(ProjectConfigurationPlatforms) = postSolution
		{62B263C3-8792-4405-B393-A0D56CAA8BB7}.Debug|Any CPU.ActiveCfg = Debug|Any CPU
		{62B263C3-8792-4405-B393-A0D56CAA8BB7}.Debug|Any CPU.Build.0 = Debug|Any CPU
		{62B263C3-8792-4405-B393-A0D56CAA8BB7}.Release|Any CPU.ActiveCfg = Release|Any CPU
		{62B263C3-8792-4405-B393-A0D56CAA8BB7}.Release|Any CPU.Build.0 = Release|Any CPU
		{645FF8AE-7FBF-4B8D-A8C2-CEB4E8FE58F1}.Debug|Any CPU.ActiveCfg = Debug|Any CPU
		{645FF8AE-7FBF-4B8D-A8C2-CEB4E8FE58F1}.Debug|Any CPU.Build.0 = Debug|Any CPU
		{645FF8AE-7FBF-4B8D-A8C2-CEB4E8FE58F1}.Release|Any CPU.ActiveCfg = Release|Any CPU
		{645FF8AE-7FBF-4B8D-A8C2-CEB4E8FE58F1}.Release|Any CPU.Build.0 = Release|Any CPU
		{BAEA985E-F207-44D2-BA46-A2DB9C25141E}.Debug|Any CPU.ActiveCfg = Debug|Any CPU
		{BAEA985E-F207-44D2-BA46-A2DB9C25141E}.Debug|Any CPU.Build.0 = Debug|Any CPU
		{BAEA985E-F207-44D2-BA46-A2DB9C25141E}.Release|Any CPU.ActiveCfg = Release|Any CPU
		{BAEA985E-F207-44D2-BA46-A2DB9C25141E}.Release|Any CPU.Build.0 = Release|Any CPU
	EndGlobalSection
	GlobalSection(SolutionProperties) = preSolution
		HideSolutionNode = FALSE
	EndGlobalSection
	GlobalSection(ExtensibilityGlobals) = postSolution
		SolutionGuid = {8AC8A730-03CF-471E-AEDD-E23F74D2224E}
	EndGlobalSection
EndGlobal
